
Microsoft Visual Studio Solution File, Format Version 12.00
# Visual Studio Version 17
VisualStudioVersion = 17.10.35122.118
MinimumVisualStudioVersion = 10.0.40219.1
Project("{8BC9CEB8-8B4A-11D0-8D11-00A0C91BC942}") = "ModelProject(模版)", "ModelProject(模版).vcxproj", "{1200CC3E-5376-4CF5-9486-4077DE32E864}"
EndProject
Project("{8BC9CEB8-8B4A-11D0-8D11-00A0C91BC942}") = "Dll1", "Dll1\Dll1.vcxproj", "{00CB88F4-22C0-4E53-AC7C-B1D4D652B1A6}"
EndProject
Global
	GlobalSection(SolutionConfigurationPlatforms) = preSolution
		Debug|x64 = Debug|x64
		Debug|x86 = Debug|x86
		Release|x64 = Release|x64
		Release|x86 = Release|x86
	EndGlobalSection
	GlobalSection(ProjectConfigurationPlatforms) = postSolution
		{1200CC3E-5376-4CF5-9486-4077DE32E864}.Debug|x64.ActiveCfg = Debug|x64
		{1200CC3E-5376-4CF5-9486-4077DE32E864}.Debug|x64.Build.0 = Debug|x64
		{1200CC3E-5376-4CF5-9486-4077DE32E864}.Debug|x86.ActiveCfg = Debug|Win32
		{1200CC3E-5376-4CF5-9486-4077DE32E864}.Debug|x86.Build.0 = Debug|Win32
		{1200CC3E-5376-4CF5-9486-4077DE32E864}.Release|x64.ActiveCfg = Release|x64
		{1200CC3E-5376-4CF5-9486-4077DE32E864}.Release|x64.Build.0 = Release|x64
		{1200CC3E-5376-4CF5-9486-4077DE32E864}.Release|x86.ActiveCfg = Release|Win32
		{1200CC3E-5376-4CF5-9486-4077DE32E864}.Release|x86.Build.0 = Release|Win32
		{00CB88F4-22C0-4E53-AC7C-B1D4D652B1A6}.Debug|x64.ActiveCfg = Debug|x64
		{00CB88F4-22C0-4E53-AC7C-B1D4D652B1A6}.Debug|x64.Build.0 = Debug|x64
		{00CB88F4-22C0-4E53-AC7C-B1D4D652B1A6}.Debug|x86.ActiveCfg = Debug|Win32
		{00CB88F4-22C0-4E53-AC7C-B1D4D652B1A6}.Debug|x86.Build.0 = Debug|Win32
		{00CB88F4-22C0-4E53-AC7C-B1D4D652B1A6}.Release|x64.ActiveCfg = Release|x64
		{00CB88F4-22C0-4E53-AC7C-B1D4D652B1A6}.Release|x64.Build.0 = Release|x64
		{00CB88F4-22C0-4E53-AC7C-B1D4D652B1A6}.Release|x86.ActiveCfg = Release|Win32
		{00CB88F4-22C0-4E53-AC7C-B1D4D652B1A6}.Release|x86.Build.0 = Release|Win32
	EndGlobalSection
	GlobalSection(SolutionProperties) = preSolution
		HideSolutionNode = FALSE
	EndGlobalSection
	GlobalSection(ExtensibilityGlobals) = postSolution
		SolutionGuid = {E70B476F-8341-49DC-9014-439CE10D16A6}
	EndGlobalSection
EndGlobal
